Microsoft Visual Studio Solution File, Format Version 12.00
# Visual Studio Version 17
VisualStudioVersion = 17.5.2.0
MinimumVisualStudioVersion = 10.0.40219.1
Project("{2150E333-8FDC-42A3-9474-1A3956D46DE8}") = "PMCRMS", "PMCRMS", "{FC6EA792-5C36-1C1C-B256-84D937C13C52}"
EndProject
Project("{2150E333-8FDC-42A3-9474-1A3956D46DE8}") = "backend", "backend", "{A4BD33A3-8699-ADBD-A701-5D3967FBC0AB}"
EndProject
Project("{FAE04EC0-301F-11D3-BF4B-00C04F79EFBC}") = "PMCRMS.API", "PMCRMS\backend\PMCRMS.API\PMCRMS.API.csproj", "{CF3E6F76-9501-131A-0D7C-E27CB5D7185B}"
EndProject
Global
	GlobalSection(SolutionConfigurationPlatforms) = preSolution
		Debug|Any CPU = Debug|Any CPU
		Release|Any CPU = Release|Any CPU
	EndGlobalSection
	GlobalSection(ProjectConfigurationPlatforms) = postSolution
		{CF3E6F76-9501-131A-0D7C-E27CB5D7185B}.Debug|Any CPU.ActiveCfg = Debug|Any CPU
		{CF3E6F76-9501-131A-0D7C-E27CB5D7185B}.Debug|Any CPU.Build.0 = Debug|Any CPU
		{CF3E6F76-9501-131A-0D7C-E27CB5D7185B}.Release|Any CPU.ActiveCfg = Release|Any CPU
		{CF3E6F76-9501-131A-0D7C-E27CB5D7185B}.Release|Any CPU.Build.0 = Release|Any CPU
	EndGlobalSection
	GlobalSection(SolutionProperties) = preSolution
		HideSolutionNode = FALSE
	EndGlobalSection
	GlobalSection(NestedProjects) = preSolution
		{A4BD33A3-8699-ADBD-A701-5D3967FBC0AB} = {FC6EA792-5C36-1C1C-B256-84D937C13C52}
		{CF3E6F76-9501-131A-0D7C-E27CB5D7185B} = {A4BD33A3-8699-ADBD-A701-5D3967FBC0AB}
	EndGlobalSection
	GlobalSection(ExtensibilityGlobals) = postSolution
		SolutionGuid = {6BEBABCA-955B-44C5-B176-4039F21F7192}
	EndGlobalSection
EndGlobal
